
Microsoft Visual Studio Solution File, Format Version 12.00
# Visual Studio Version 17
VisualStudioVersion = 17.11.35222.181
MinimumVisualStudioVersion = 10.0.40219.1
Project("{FAE04EC0-301F-11D3-BF4B-00C04F79EFBC}") = "Online Sales Website", "Online Sales Website\Online Sales Website.csproj", "{82483726-4D20-4FC4-86EB-052D479C8DB0}"
EndProject
Global
	GlobalSection(SolutionConfigurationPlatforms) = preSolution
		Debug|Any CPU = Debug|Any CPU
		Release|Any CPU = Release|Any CPU
	EndGlobalSection
	GlobalSection(ProjectConfigurationPlatforms) = postSolution
		{82483726-4D20-4FC4-86EB-052D479C8DB0}.Debug|Any CPU.ActiveCfg = Debug|Any CPU
		{82483726-4D20-4FC4-86EB-052D479C8DB0}.Debug|Any CPU.Build.0 = Debug|Any CPU
		{82483726-4D20-4FC4-86EB-052D479C8DB0}.Release|Any CPU.ActiveCfg = Release|Any CPU
		{82483726-4D20-4FC4-86EB-052D479C8DB0}.Release|Any CPU.Build.0 = Release|Any CPU
	EndGlobalSection
	GlobalSection(SolutionProperties) = preSolution
		HideSolutionNode = FALSE
	EndGlobalSection
	GlobalSection(ExtensibilityGlobals) = postSolution
		SolutionGuid = {D3C28869-1B88-4BF6-AF4F-E959E21E4A42}
	EndGlobalSection
EndGlobal
